# THIS IS AN AUTOGENERATED FILE. DO NOT EDIT THIS FILE DIRECTLY.
# yarn lockfile v1


"@xmldom/xmldom@^0.8.2":
  version "0.8.2"
  resolved "https://registry.yarnpkg.com/@xmldom/xmldom/-/xmldom-0.8.2.tgz#b695ff674e8216efa632a3d36ad51ae9843380c0"
  integrity sha512-+R0juSseERyoPvnBQ/cZih6bpF7IpCXlWbHRoCRzYzqpz6gWHOgf8o4MOEf6KBVuOyqU+gCNLkCWVIJAro8XyQ==

pdf2json@^2.1.0:
  version "2.1.0"
  resolved "https://registry.yarnpkg.com/pdf2json/-/pdf2json-2.1.0.tgz#85ae578ea63ab700bd577a3661d858c8c163df72"
  integrity sha512-mXF9AIgnvq1DP/ZM2R28tAfxP2wKZHYa2DjV0R1KCwcqSzm5Iqh1XQq9rdfAt6dp2DuPP0VHZIaCALc2v1cL5A==
  dependencies:
    "@xmldom/xmldom" "^0.8.2"
